Microsoft Visual Studio Solution File, Format Version 12.00
# Visual Studio Version 17
VisualStudioVersion = 17.5.2.0
MinimumVisualStudioVersion = 10.0.40219.1
Project("{FAE04EC0-301F-11D3-BF4B-00C04F79EFBC}") = "vigia", "vigia.csproj", "{55DFADB6-8500-E33B-3C7B-9E0B4259C07D}"
EndProject
Global
	GlobalSection(SolutionConfigurationPlatforms) = preSolution
		Debug|Any CPU = Debug|Any CPU
		Release|Any CPU = Release|Any CPU
	EndGlobalSection
	GlobalSection(ProjectConfigurationPlatforms) = postSolution
		{55DFADB6-8500-E33B-3C7B-9E0B4259C07D}.Debug|Any CPU.ActiveCfg = Debug|Any CPU
		{55DFADB6-8500-E33B-3C7B-9E0B4259C07D}.Debug|Any CPU.Build.0 = Debug|Any CPU
		{55DFADB6-8500-E33B-3C7B-9E0B4259C07D}.Release|Any CPU.ActiveCfg = Release|Any CPU
		{55DFADB6-8500-E33B-3C7B-9E0B4259C07D}.Release|Any CPU.Build.0 = Release|Any CPU
	EndGlobalSection
	GlobalSection(SolutionProperties) = preSolution
		HideSolutionNode = FALSE
	EndGlobalSection
	GlobalSection(ExtensibilityGlobals) = postSolution
		SolutionGuid = {FE953CF6-7789-40E3-A80B-E09F2C4DB907}
	EndGlobalSection
EndGlobal
